
Microsoft Visual Studio Solution File, Format Version 12.00
# Visual Studio Version 16
VisualStudioVersion = 16.0.29411.108
MinimumVisualStudioVersion = 10.0.40219.1
Project("{FAE04EC0-301F-11D3-BF4B-00C04F79EFBC}") = "WebApi", "WebApi\WebApi.csproj", "{84BFEFCB-9A94-47F1-8887-B0A9469636F2}"
EndProject
Project("{2150E333-8FDC-42A3-9474-1A3956D46DE8}") = "src", "src", "{AE14077B-C6D5-4201-8672-0054DE559CD1}"
EndProject
Project("{2150E333-8FDC-42A3-9474-1A3956D46DE8}") = "Solution Items", "Solution Items", "{DF27318A-1C9D-4237-9E6A-70A88C2B3824}"
	ProjectSection(SolutionItems) = preProject
		.gitignore = .gitignore
	EndProjectSection
EndProject
Project("{FAE04EC0-301F-11D3-BF4B-00C04F79EFBC}") = "Business", "Business\Business.csproj", "{CE1DCAF5-6F31-46BD-94FC-31E1D5343EC9}"
EndProject
Project("{FAE04EC0-301F-11D3-BF4B-00C04F79EFBC}") = "Data", "Data\Data.csproj", "{49AC7AE5-7E7B-4075-BB0F-9061F09D0F42}"
EndProject
Project("{FAE04EC0-301F-11D3-BF4B-00C04F79EFBC}") = "Domain", "Domain\Domain.csproj", "{55F08D92-0D65-499F-A803-9D161CA6FDEC}"
EndProject
Project("{FAE04EC0-301F-11D3-BF4B-00C04F79EFBC}") = "Model", "Model\Model.csproj", "{30A95499-B7CE-4D43-98AA-7DC441BAC9BD}"
EndProject
Project("{FAE04EC0-301F-11D3-BF4B-00C04F79EFBC}") = "Repository", "Repository\Repository.csproj", "{690EDAD6-0F5C-4753-8BB9-B74FE90DC592}"
EndProject
Project("{FAE04EC0-301F-11D3-BF4B-00C04F79EFBC}") = "Service", "Service\Service.csproj", "{DD6BACC2-8D4D-4937-8EC5-592F70394C8E}"
EndProject
Global
	GlobalSection(SolutionConfigurationPlatforms) = preSolution
		Debug|Any CPU = Debug|Any CPU
		Release|Any CPU = Release|Any CPU
	EndGlobalSection
	GlobalSection(ProjectConfigurationPlatforms) = postSolution
		{84BFEFCB-9A94-47F1-8887-B0A9469636F2}.Debug|Any CPU.ActiveCfg = Debug|Any CPU
		{84BFEFCB-9A94-47F1-8887-B0A9469636F2}.Debug|Any CPU.Build.0 = Debug|Any CPU
		{84BFEFCB-9A94-47F1-8887-B0A9469636F2}.Release|Any CPU.ActiveCfg = Release|Any CPU
		{84BFEFCB-9A94-47F1-8887-B0A9469636F2}.Release|Any CPU.Build.0 = Release|Any CPU
		{CE1DCAF5-6F31-46BD-94FC-31E1D5343EC9}.Debug|Any CPU.ActiveCfg = Debug|Any CPU
		{CE1DCAF5-6F31-46BD-94FC-31E1D5343EC9}.Debug|Any CPU.Build.0 = Debug|Any CPU
		{CE1DCAF5-6F31-46BD-94FC-31E1D5343EC9}.Release|Any CPU.ActiveCfg = Release|Any CPU
		{CE1DCAF5-6F31-46BD-94FC-31E1D5343EC9}.Release|Any CPU.Build.0 = Release|Any CPU
		{49AC7AE5-7E7B-4075-BB0F-9061F09D0F42}.Debug|Any CPU.ActiveCfg = Debug|Any CPU
		{49AC7AE5-7E7B-4075-BB0F-9061F09D0F42}.Debug|Any CPU.Build.0 = Debug|Any CPU
		{49AC7AE5-7E7B-4075-BB0F-9061F09D0F42}.Release|Any CPU.ActiveCfg = Release|Any CPU
		{49AC7AE5-7E7B-4075-BB0F-9061F09D0F42}.Release|Any CPU.Build.0 = Release|Any CPU
		{55F08D92-0D65-499F-A803-9D161CA6FDEC}.Debug|Any CPU.ActiveCfg = Debug|Any CPU
		{55F08D92-0D65-499F-A803-9D161CA6FDEC}.Debug|Any CPU.Build.0 = Debug|Any CPU
		{55F08D92-0D65-499F-A803-9D161CA6FDEC}.Release|Any CPU.ActiveCfg = Release|Any CPU
		{55F08D92-0D65-499F-A803-9D161CA6FDEC}.Release|Any CPU.Build.0 = Release|Any CPU
		{30A95499-B7CE-4D43-98AA-7DC441BAC9BD}.Debug|Any CPU.ActiveCfg = Debug|Any CPU
		{30A95499-B7CE-4D43-98AA-7DC441BAC9BD}.Debug|Any CPU.Build.0 = Debug|Any CPU
		{30A95499-B7CE-4D43-98AA-7DC441BAC9BD}.Release|Any CPU.ActiveCfg = Release|Any CPU
		{30A95499-B7CE-4D43-98AA-7DC441BAC9BD}.Release|Any CPU.Build.0 = Release|Any CPU
		{690EDAD6-0F5C-4753-8BB9-B74FE90DC592}.Debug|Any CPU.ActiveCfg = Debug|Any CPU
		{690EDAD6-0F5C-4753-8BB9-B74FE90DC592}.Debug|Any CPU.Build.0 = Debug|Any CPU
		{690EDAD6-0F5C-4753-8BB9-B74FE90DC592}.Release|Any CPU.ActiveCfg = Release|Any CPU
		{690EDAD6-0F5C-4753-8BB9-B74FE90DC592}.Release|Any CPU.Build.0 = Release|Any CPU
		{DD6BACC2-8D4D-4937-8EC5-592F70394C8E}.Debug|Any CPU.ActiveCfg = Debug|Any CPU
		{DD6BACC2-8D4D-4937-8EC5-592F70394C8E}.Debug|Any CPU.Build.0 = Debug|Any CPU
		{DD6BACC2-8D4D-4937-8EC5-592F70394C8E}.Release|Any CPU.ActiveCfg = Release|Any CPU
		{DD6BACC2-8D4D-4937-8EC5-592F70394C8E}.Release|Any CPU.Build.0 = Release|Any CPU
	EndGlobalSection
	GlobalSection(SolutionProperties) = preSolution
		HideSolutionNode = FALSE
	EndGlobalSection
	GlobalSection(NestedProjects) = preSolution
		{84BFEFCB-9A94-47F1-8887-B0A9469636F2} = {AE14077B-C6D5-4201-8672-0054DE559CD1}
		{CE1DCAF5-6F31-46BD-94FC-31E1D5343EC9} = {AE14077B-C6D5-4201-8672-0054DE559CD1}
		{49AC7AE5-7E7B-4075-BB0F-9061F09D0F42} = {AE14077B-C6D5-4201-8672-0054DE559CD1}
		{55F08D92-0D65-499F-A803-9D161CA6FDEC} = {AE14077B-C6D5-4201-8672-0054DE559CD1}
		{30A95499-B7CE-4D43-98AA-7DC441BAC9BD} = {AE14077B-C6D5-4201-8672-0054DE559CD1}
		{690EDAD6-0F5C-4753-8BB9-B74FE90DC592} = {AE14077B-C6D5-4201-8672-0054DE559CD1}
		{DD6BACC2-8D4D-4937-8EC5-592F70394C8E} = {AE14077B-C6D5-4201-8672-0054DE559CD1}
	EndGlobalSection
	GlobalSection(ExtensibilityGlobals) = postSolution
		SolutionGuid = {B7056C56-1CD6-4632-926F-0343CBB31CC8}
	EndGlobalSection
EndGlobal
